{
	"name": "htmlToMd",
	"lockfileVersion": 3,
	"requires": true,
	"packages": {
		"": {
			"dependencies": {
				"turndown": "^7.2.0"
			}
		},
		"node_modules/@mixmark-io/domino": {
			"version": "2.2.0",
			"resolved": "https://registry.npmjs.org/@mixmark-io/domino/-/domino-2.2.0.tgz",
			"integrity": "sha512-Y28PR25bHXUg88kCV7nivXrP2Nj2RueZ3/l/jdx6J9f8J4nsEGcgX0Qe6lt7Pa+J79+kPiJU3LguR6O/6zrLOw=="
		},
		"node_modules/turndown": {
			"version": "7.2.0",
			"resolved": "https://registry.npmjs.org/turndown/-/turndown-7.2.0.tgz",
			"integrity": "sha512-eCZGBN4nNNqM9Owkv9HAtWRYfLA4h909E/WGAWWBpmB275ehNhZyk87/Tpvjbp0jjNl9XwCsbe6bm6CqFsgD+A==",
			"dependencies": {
				"@mixmark-io/domino": "^2.2.0"
			}
		}
	}
}
