{
  "nodes": {
    "nixpkgs": {
      "locked": {
        "lastModified": 1704957970,
        "narHash": "sha256-0+dwJ24Nj6N1MYvsetqNfZ+QkdwqhJXN7nCSJBrmdOc=",
        "owner": "NixOS",
        "repo": "nixpkgs",
        "rev": "2e09003f67b5c8a3e798bf5065a35a262aa5fae7",
        "type": "github"
      },
      "original": {
        "owner": "NixOS",
        "ref": "nixos-23.11-small",
        "repo": "nixpkgs",
        "type": "github"
      }
    },
    "root": {
      "inputs": {
        "nixpkgs": "nixpkgs"
      }
    }
  },
  "root": "root",
  "version": 7
}
