{
	"nodes": {
		"nixpkgs": {
			"locked": {
				"lastModified": 1718955215,
				"narHash": "sha256-3vNXv4zrblZFobrxz1P3RwLpHl6X3/GzfArdTxq0+nI=",
				"owner": "NixOS",
				"repo": "nixpkgs",
				"rev": "201ed88e66f7f34d5c74e46d2e4399cc4bea1501",
				"type": "github"
			},
			"original": {
				"owner": "NixOS",
				"ref": "nixos-24.05-small",
				"repo": "nixpkgs",
				"type": "github"
			}
		},
		"root": {
			"inputs": {
				"nixpkgs": "nixpkgs"
			}
		}
	},
	"root": "root",
	"version": 7
}
