{
  "nodes": {
    "nixpkgs": {
      "locked": {
        "lastModified": 1704834760,
        "narHash": "sha256-cL+z+bCfSW2fLtmIHb9JT0BXX8xboE086DGUXwtZ5x0=",
        "owner": "NixOS",
        "repo": "nixpkgs",
        "rev": "66b333426654b140717cc5594a7210c4b95890f5",
        "type": "github"
      },
      "original": {
        "owner": "NixOS",
        "ref": "nixos-23.11-small",
        "repo": "nixpkgs",
        "type": "github"
      }
    },
    "root": {
      "inputs": {
        "nixpkgs": "nixpkgs"
      }
    }
  },
  "root": "root",
  "version": 7
}
