{
  "nodes": {
    "nixpkgs": {
      "locked": {
        "lastModified": 1727076372,
        "narHash": "sha256-gXIWudYhY/4LjQPvrGn9lN4fbHjw/mf1mb9KKJK//4I=",
        "owner": "NixOS",
        "repo": "nixpkgs",
        "rev": "7ca0f93c530406c1610defff0b9bf643333cf992",
        "type": "github"
      },
      "original": {
        "owner": "NixOS",
        "ref": "nixos-24.05-small",
        "repo": "nixpkgs",
        "type": "github"
      }
    },
    "root": {
      "inputs": {
        "nixpkgs": "nixpkgs"
      }
    }
  },
  "root": "root",
  "version": 7
}
